
Microsoft Visual Studio Solution File, Format Version 12.00
# Visual Studio 15
VisualStudioVersion = 15.0.27102.0
MinimumVisualStudioVersion = 10.0.40219.1
Project("{FAE04EC0-301F-11D3-BF4B-00C04F79EFBC}") = "SelectionStatements", "SelectionStatements\SelectionStatements.csproj", "{433DF7C8-7323-44A2-B757-015DBCAEA350}"
EndProject
Project("{FAE04EC0-301F-11D3-BF4B-00C04F79EFBC}") = "IterationStatements", "IterationStatements\IterationStatements.csproj", "{6DBC9619-D434-4540-863E-2E9C866DF58E}"
EndProject
Project("{FAE04EC0-301F-11D3-BF4B-00C04F79EFBC}") = "CastingConverting", "CastingConverting\CastingConverting.csproj", "{36F52F19-883E-44C8-B131-6AF901771AE2}"
EndProject
Project("{FAE04EC0-301F-11D3-BF4B-00C04F79EFBC}") = "HandlingExceptions", "HandlingExceptions\HandlingExceptions.csproj", "{4FA452CC-250C-4601-B31D-B6B36CE8648B}"
EndProject
Project("{FAE04EC0-301F-11D3-BF4B-00C04F79EFBC}") = "CheckingForOverflow", "CheckingForOverflow\CheckingForOverflow.csproj", "{C2F937A1-497E-45B4-8E73-4CB80FFD9695}"
EndProject
Global
	GlobalSection(SolutionConfigurationPlatforms) = preSolution
		Debug|Any CPU = Debug|Any CPU
		Release|Any CPU = Release|Any CPU
	EndGlobalSection
	GlobalSection(ProjectConfigurationPlatforms) = postSolution
		{433DF7C8-7323-44A2-B757-015DBCAEA350}.Debug|Any CPU.ActiveCfg = Debug|Any CPU
		{433DF7C8-7323-44A2-B757-015DBCAEA350}.Debug|Any CPU.Build.0 = Debug|Any CPU
		{433DF7C8-7323-44A2-B757-015DBCAEA350}.Release|Any CPU.ActiveCfg = Release|Any CPU
		{433DF7C8-7323-44A2-B757-015DBCAEA350}.Release|Any CPU.Build.0 = Release|Any CPU
		{6DBC9619-D434-4540-863E-2E9C866DF58E}.Debug|Any CPU.ActiveCfg = Debug|Any CPU
		{6DBC9619-D434-4540-863E-2E9C866DF58E}.Debug|Any CPU.Build.0 = Debug|Any CPU
		{6DBC9619-D434-4540-863E-2E9C866DF58E}.Release|Any CPU.ActiveCfg = Release|Any CPU
		{6DBC9619-D434-4540-863E-2E9C866DF58E}.Release|Any CPU.Build.0 = Release|Any CPU
		{36F52F19-883E-44C8-B131-6AF901771AE2}.Debug|Any CPU.ActiveCfg = Debug|Any CPU
		{36F52F19-883E-44C8-B131-6AF901771AE2}.Debug|Any CPU.Build.0 = Debug|Any CPU
		{36F52F19-883E-44C8-B131-6AF901771AE2}.Release|Any CPU.ActiveCfg = Release|Any CPU
		{36F52F19-883E-44C8-B131-6AF901771AE2}.Release|Any CPU.Build.0 = Release|Any CPU
		{4FA452CC-250C-4601-B31D-B6B36CE8648B}.Debug|Any CPU.ActiveCfg = Debug|Any CPU
		{4FA452CC-250C-4601-B31D-B6B36CE8648B}.Debug|Any CPU.Build.0 = Debug|Any CPU
		{4FA452CC-250C-4601-B31D-B6B36CE8648B}.Release|Any CPU.ActiveCfg = Release|Any CPU
		{4FA452CC-250C-4601-B31D-B6B36CE8648B}.Release|Any CPU.Build.0 = Release|Any CPU
		{C2F937A1-497E-45B4-8E73-4CB80FFD9695}.Debug|Any CPU.ActiveCfg = Debug|Any CPU
		{C2F937A1-497E-45B4-8E73-4CB80FFD9695}.Debug|Any CPU.Build.0 = Debug|Any CPU
		{C2F937A1-497E-45B4-8E73-4CB80FFD9695}.Release|Any CPU.ActiveCfg = Release|Any CPU
		{C2F937A1-497E-45B4-8E73-4CB80FFD9695}.Release|Any CPU.Build.0 = Release|Any CPU
	EndGlobalSection
	GlobalSection(SolutionProperties) = preSolution
		HideSolutionNode = FALSE
	EndGlobalSection
	GlobalSection(ExtensibilityGlobals) = postSolution
		SolutionGuid = {16121614-6C34-46FC-B19E-6316BAC329A8}
	EndGlobalSection
EndGlobal
