
Microsoft Visual Studio Solution File, Format Version 12.00
# Visual Studio 15
VisualStudioVersion = 15.0.26730.8
MinimumVisualStudioVersion = 10.0.40219.1
Project("{9A19103F-16F7-4668-BE54-9A1E7A4F7556}") = "Assemblies", "Assemblies\Assemblies.csproj", "{1B86B01D-F73E-46E6-8B66-DC9031095628}"
EndProject
Project("{9A19103F-16F7-4668-BE54-9A1E7A4F7556}") = "SharedLibrary", "SharedLibrary\SharedLibrary.csproj", "{AAAA5E6B-496B-49AF-8EA2-636457731233}"
EndProject
Project("{FAE04EC0-301F-11D3-BF4B-00C04F79EFBC}") = "DotNetCoreEverywhere", "DotNetCoreEverywhere\DotNetCoreEverywhere.csproj", "{FF0D9BDA-E308-45A4-9BEA-4BF19DE75D33}"
EndProject
Global
	GlobalSection(SolutionConfigurationPlatforms) = preSolution
		Debug|Any CPU = Debug|Any CPU
		Release|Any CPU = Release|Any CPU
	EndGlobalSection
	GlobalSection(ProjectConfigurationPlatforms) = postSolution
		{1B86B01D-F73E-46E6-8B66-DC9031095628}.Debug|Any CPU.ActiveCfg = Debug|Any CPU
		{1B86B01D-F73E-46E6-8B66-DC9031095628}.Debug|Any CPU.Build.0 = Debug|Any CPU
		{1B86B01D-F73E-46E6-8B66-DC9031095628}.Release|Any CPU.ActiveCfg = Release|Any CPU
		{1B86B01D-F73E-46E6-8B66-DC9031095628}.Release|Any CPU.Build.0 = Release|Any CPU
		{AAAA5E6B-496B-49AF-8EA2-636457731233}.Debug|Any CPU.ActiveCfg = Debug|Any CPU
		{AAAA5E6B-496B-49AF-8EA2-636457731233}.Debug|Any CPU.Build.0 = Debug|Any CPU
		{AAAA5E6B-496B-49AF-8EA2-636457731233}.Release|Any CPU.ActiveCfg = Release|Any CPU
		{AAAA5E6B-496B-49AF-8EA2-636457731233}.Release|Any CPU.Build.0 = Release|Any CPU
		{FF0D9BDA-E308-45A4-9BEA-4BF19DE75D33}.Debug|Any CPU.ActiveCfg = Debug|Any CPU
		{FF0D9BDA-E308-45A4-9BEA-4BF19DE75D33}.Debug|Any CPU.Build.0 = Debug|Any CPU
		{FF0D9BDA-E308-45A4-9BEA-4BF19DE75D33}.Release|Any CPU.ActiveCfg = Release|Any CPU
		{FF0D9BDA-E308-45A4-9BEA-4BF19DE75D33}.Release|Any CPU.Build.0 = Release|Any CPU
	EndGlobalSection
	GlobalSection(SolutionProperties) = preSolution
		HideSolutionNode = FALSE
	EndGlobalSection
	GlobalSection(ExtensibilityGlobals) = postSolution
		SolutionGuid = {7EF3EE97-A978-42F9-AE44-56FB1A053788}
	EndGlobalSection
EndGlobal
