
Microsoft Visual Studio Solution File, Format Version 12.00
# Visual Studio 15
VisualStudioVersion = 15.0.26730.12
MinimumVisualStudioVersion = 10.0.40219.1
Project("{FAE04EC0-301F-11D3-BF4B-00C04F79EFBC}") = "NorthwindWeb", "NorthwindWeb\NorthwindWeb.csproj", "{C63D756C-EBBA-4605-A8D2-B0B3A8DA739E}"
EndProject
Project("{FAE04EC0-301F-11D3-BF4B-00C04F79EFBC}") = "NorthwindEntitiesLib", "NorthwindEntitiesLib\NorthwindEntitiesLib.csproj", "{7D2470B9-5364-4CF6-A010-8BAA9F7DBA25}"
EndProject
Project("{FAE04EC0-301F-11D3-BF4B-00C04F79EFBC}") = "NorthwindContextLib", "NorthwindContextLib\NorthwindContextLib.csproj", "{86C1A37E-D9BA-49F2-94EF-5E7218918501}"
EndProject
Project("{FAE04EC0-301F-11D3-BF4B-00C04F79EFBC}") = "NorthwindMvc", "NorthwindMvc\NorthwindMvc.csproj", "{29A39F4F-1DAF-4482-8BE2-1731D2760CDE}"
EndProject
Global
	GlobalSection(SolutionConfigurationPlatforms) = preSolution
		Debug|Any CPU = Debug|Any CPU
		Release|Any CPU = Release|Any CPU
	EndGlobalSection
	GlobalSection(ProjectConfigurationPlatforms) = postSolution
		{C63D756C-EBBA-4605-A8D2-B0B3A8DA739E}.Debug|Any CPU.ActiveCfg = Debug|Any CPU
		{C63D756C-EBBA-4605-A8D2-B0B3A8DA739E}.Debug|Any CPU.Build.0 = Debug|Any CPU
		{C63D756C-EBBA-4605-A8D2-B0B3A8DA739E}.Release|Any CPU.ActiveCfg = Release|Any CPU
		{C63D756C-EBBA-4605-A8D2-B0B3A8DA739E}.Release|Any CPU.Build.0 = Release|Any CPU
		{7D2470B9-5364-4CF6-A010-8BAA9F7DBA25}.Debug|Any CPU.ActiveCfg = Debug|Any CPU
		{7D2470B9-5364-4CF6-A010-8BAA9F7DBA25}.Debug|Any CPU.Build.0 = Debug|Any CPU
		{7D2470B9-5364-4CF6-A010-8BAA9F7DBA25}.Release|Any CPU.ActiveCfg = Release|Any CPU
		{7D2470B9-5364-4CF6-A010-8BAA9F7DBA25}.Release|Any CPU.Build.0 = Release|Any CPU
		{86C1A37E-D9BA-49F2-94EF-5E7218918501}.Debug|Any CPU.ActiveCfg = Debug|Any CPU
		{86C1A37E-D9BA-49F2-94EF-5E7218918501}.Debug|Any CPU.Build.0 = Debug|Any CPU
		{86C1A37E-D9BA-49F2-94EF-5E7218918501}.Release|Any CPU.ActiveCfg = Release|Any CPU
		{86C1A37E-D9BA-49F2-94EF-5E7218918501}.Release|Any CPU.Build.0 = Release|Any CPU
		{29A39F4F-1DAF-4482-8BE2-1731D2760CDE}.Debug|Any CPU.ActiveCfg = Debug|Any CPU
		{29A39F4F-1DAF-4482-8BE2-1731D2760CDE}.Debug|Any CPU.Build.0 = Debug|Any CPU
		{29A39F4F-1DAF-4482-8BE2-1731D2760CDE}.Release|Any CPU.ActiveCfg = Release|Any CPU
		{29A39F4F-1DAF-4482-8BE2-1731D2760CDE}.Release|Any CPU.Build.0 = Release|Any CPU
	EndGlobalSection
	GlobalSection(SolutionProperties) = preSolution
		HideSolutionNode = FALSE
	EndGlobalSection
	GlobalSection(ExtensibilityGlobals) = postSolution
		SolutionGuid = {E4ECAD57-3D98-4258-A7B9-3B9C271714CE}
	EndGlobalSection
EndGlobal
