
Microsoft Visual Studio Solution File, Format Version 12.00
# Visual Studio 15
VisualStudioVersion = 15.0.26906.1
MinimumVisualStudioVersion = 10.0.40219.1
Project("{9A19103F-16F7-4668-BE54-9A1E7A4F7556}") = "NorthwindWeb", "NorthwindWeb\NorthwindWeb.csproj", "{C63D756C-EBBA-4605-A8D2-B0B3A8DA739E}"
EndProject
Project("{9A19103F-16F7-4668-BE54-9A1E7A4F7556}") = "NorthwindEntitiesLib", "NorthwindEntitiesLib\NorthwindEntitiesLib.csproj", "{7D2470B9-5364-4CF6-A010-8BAA9F7DBA25}"
EndProject
Project("{9A19103F-16F7-4668-BE54-9A1E7A4F7556}") = "NorthwindContextLib", "NorthwindContextLib\NorthwindContextLib.csproj", "{86C1A37E-D9BA-49F2-94EF-5E7218918501}"
EndProject
Project("{9A19103F-16F7-4668-BE54-9A1E7A4F7556}") = "NorthwindMvc", "NorthwindMvc\NorthwindMvc.csproj", "{29A39F4F-1DAF-4482-8BE2-1731D2760CDE}"
EndProject
Project("{9A19103F-16F7-4668-BE54-9A1E7A4F7556}") = "NorthwindService", "NorthwindService\NorthwindService.csproj", "{DEA8F261-E05A-4048-83E2-3ACE95F50918}"
EndProject
Project("{9A19103F-16F7-4668-BE54-9A1E7A4F7556}") = "ExploreAngular", "ExploreAngular\ExploreAngular.csproj", "{8BBCC572-8D30-444C-B3AF-325533AE460C}"
EndProject
Project("{9A19103F-16F7-4668-BE54-9A1E7A4F7556}") = "ExploreReact", "ExploreReact\ExploreReact.csproj", "{75CEEE19-723F-4132-B7B6-8751C322681E}"
EndProject
Project("{FAE04EC0-301F-11D3-BF4B-00C04F79EFBC}") = "FluentUwpApp", "FluentUwpApp\FluentUwpApp.csproj", "{B3F8EBB3-DFDF-4FDF-8D23-B28B80259191}"
EndProject
Project("{FAE04EC0-301F-11D3-BF4B-00C04F79EFBC}") = "NorthwindUwp", "NorthwindUwp\NorthwindUwp\NorthwindUwp.csproj", "{65F45D18-A579-4637-8A12-4E917768A03B}"
EndProject
Project("{FAE04EC0-301F-11D3-BF4B-00C04F79EFBC}") = "NorthwindFluent", "NorthwindFluent\NorthwindFluent.csproj", "{EC3A3874-C598-4A47-BD0B-817667C9234E}"
EndProject
Global
	GlobalSection(SolutionConfigurationPlatforms) = preSolution
		Debug|Any CPU = Debug|Any CPU
		Debug|ARM = Debug|ARM
		Debug|x64 = Debug|x64
		Debug|x86 = Debug|x86
		Release|Any CPU = Release|Any CPU
		Release|ARM = Release|ARM
		Release|x64 = Release|x64
		Release|x86 = Release|x86
	EndGlobalSection
	GlobalSection(ProjectConfigurationPlatforms) = postSolution
		{C63D756C-EBBA-4605-A8D2-B0B3A8DA739E}.Debug|Any CPU.ActiveCfg = Debug|Any CPU
		{C63D756C-EBBA-4605-A8D2-B0B3A8DA739E}.Debug|Any CPU.Build.0 = Debug|Any CPU
		{C63D756C-EBBA-4605-A8D2-B0B3A8DA739E}.Debug|ARM.ActiveCfg = Debug|Any CPU
		{C63D756C-EBBA-4605-A8D2-B0B3A8DA739E}.Debug|ARM.Build.0 = Debug|Any CPU
		{C63D756C-EBBA-4605-A8D2-B0B3A8DA739E}.Debug|x64.ActiveCfg = Debug|Any CPU
		{C63D756C-EBBA-4605-A8D2-B0B3A8DA739E}.Debug|x64.Build.0 = Debug|Any CPU
		{C63D756C-EBBA-4605-A8D2-B0B3A8DA739E}.Debug|x86.ActiveCfg = Debug|Any CPU
		{C63D756C-EBBA-4605-A8D2-B0B3A8DA739E}.Debug|x86.Build.0 = Debug|Any CPU
		{C63D756C-EBBA-4605-A8D2-B0B3A8DA739E}.Release|Any CPU.ActiveCfg = Release|Any CPU
		{C63D756C-EBBA-4605-A8D2-B0B3A8DA739E}.Release|Any CPU.Build.0 = Release|Any CPU
		{C63D756C-EBBA-4605-A8D2-B0B3A8DA739E}.Release|ARM.ActiveCfg = Release|Any CPU
		{C63D756C-EBBA-4605-A8D2-B0B3A8DA739E}.Release|ARM.Build.0 = Release|Any CPU
		{C63D756C-EBBA-4605-A8D2-B0B3A8DA739E}.Release|x64.ActiveCfg = Release|Any CPU
		{C63D756C-EBBA-4605-A8D2-B0B3A8DA739E}.Release|x64.Build.0 = Release|Any CPU
		{C63D756C-EBBA-4605-A8D2-B0B3A8DA739E}.Release|x86.ActiveCfg = Release|Any CPU
		{C63D756C-EBBA-4605-A8D2-B0B3A8DA739E}.Release|x86.Build.0 = Release|Any CPU
		{7D2470B9-5364-4CF6-A010-8BAA9F7DBA25}.Debug|Any CPU.ActiveCfg = Debug|Any CPU
		{7D2470B9-5364-4CF6-A010-8BAA9F7DBA25}.Debug|Any CPU.Build.0 = Debug|Any CPU
		{7D2470B9-5364-4CF6-A010-8BAA9F7DBA25}.Debug|ARM.ActiveCfg = Debug|Any CPU
		{7D2470B9-5364-4CF6-A010-8BAA9F7DBA25}.Debug|ARM.Build.0 = Debug|Any CPU
		{7D2470B9-5364-4CF6-A010-8BAA9F7DBA25}.Debug|x64.ActiveCfg = Debug|Any CPU
		{7D2470B9-5364-4CF6-A010-8BAA9F7DBA25}.Debug|x64.Build.0 = Debug|Any CPU
		{7D2470B9-5364-4CF6-A010-8BAA9F7DBA25}.Debug|x86.ActiveCfg = Debug|Any CPU
		{7D2470B9-5364-4CF6-A010-8BAA9F7DBA25}.Debug|x86.Build.0 = Debug|Any CPU
		{7D2470B9-5364-4CF6-A010-8BAA9F7DBA25}.Release|Any CPU.ActiveCfg = Release|Any CPU
		{7D2470B9-5364-4CF6-A010-8BAA9F7DBA25}.Release|Any CPU.Build.0 = Release|Any CPU
		{7D2470B9-5364-4CF6-A010-8BAA9F7DBA25}.Release|ARM.ActiveCfg = Release|Any CPU
		{7D2470B9-5364-4CF6-A010-8BAA9F7DBA25}.Release|ARM.Build.0 = Release|Any CPU
		{7D2470B9-5364-4CF6-A010-8BAA9F7DBA25}.Release|x64.ActiveCfg = Release|Any CPU
		{7D2470B9-5364-4CF6-A010-8BAA9F7DBA25}.Release|x64.Build.0 = Release|Any CPU
		{7D2470B9-5364-4CF6-A010-8BAA9F7DBA25}.Release|x86.ActiveCfg = Release|Any CPU
		{7D2470B9-5364-4CF6-A010-8BAA9F7DBA25}.Release|x86.Build.0 = Release|Any CPU
		{86C1A37E-D9BA-49F2-94EF-5E7218918501}.Debug|Any CPU.ActiveCfg = Debug|Any CPU
		{86C1A37E-D9BA-49F2-94EF-5E7218918501}.Debug|Any CPU.Build.0 = Debug|Any CPU
		{86C1A37E-D9BA-49F2-94EF-5E7218918501}.Debug|ARM.ActiveCfg = Debug|Any CPU
		{86C1A37E-D9BA-49F2-94EF-5E7218918501}.Debug|ARM.Build.0 = Debug|Any CPU
		{86C1A37E-D9BA-49F2-94EF-5E7218918501}.Debug|x64.ActiveCfg = Debug|Any CPU
		{86C1A37E-D9BA-49F2-94EF-5E7218918501}.Debug|x64.Build.0 = Debug|Any CPU
		{86C1A37E-D9BA-49F2-94EF-5E7218918501}.Debug|x86.ActiveCfg = Debug|Any CPU
		{86C1A37E-D9BA-49F2-94EF-5E7218918501}.Debug|x86.Build.0 = Debug|Any CPU
		{86C1A37E-D9BA-49F2-94EF-5E7218918501}.Release|Any CPU.ActiveCfg = Release|Any CPU
		{86C1A37E-D9BA-49F2-94EF-5E7218918501}.Release|Any CPU.Build.0 = Release|Any CPU
		{86C1A37E-D9BA-49F2-94EF-5E7218918501}.Release|ARM.ActiveCfg = Release|Any CPU
		{86C1A37E-D9BA-49F2-94EF-5E7218918501}.Release|ARM.Build.0 = Release|Any CPU
		{86C1A37E-D9BA-49F2-94EF-5E7218918501}.Release|x64.ActiveCfg = Release|Any CPU
		{86C1A37E-D9BA-49F2-94EF-5E7218918501}.Release|x64.Build.0 = Release|Any CPU
		{86C1A37E-D9BA-49F2-94EF-5E7218918501}.Release|x86.ActiveCfg = Release|Any CPU
		{86C1A37E-D9BA-49F2-94EF-5E7218918501}.Release|x86.Build.0 = Release|Any CPU
		{29A39F4F-1DAF-4482-8BE2-1731D2760CDE}.Debug|Any CPU.ActiveCfg = Debug|Any CPU
		{29A39F4F-1DAF-4482-8BE2-1731D2760CDE}.Debug|Any CPU.Build.0 = Debug|Any CPU
		{29A39F4F-1DAF-4482-8BE2-1731D2760CDE}.Debug|ARM.ActiveCfg = Debug|Any CPU
		{29A39F4F-1DAF-4482-8BE2-1731D2760CDE}.Debug|ARM.Build.0 = Debug|Any CPU
		{29A39F4F-1DAF-4482-8BE2-1731D2760CDE}.Debug|x64.ActiveCfg = Debug|Any CPU
		{29A39F4F-1DAF-4482-8BE2-1731D2760CDE}.Debug|x64.Build.0 = Debug|Any CPU
		{29A39F4F-1DAF-4482-8BE2-1731D2760CDE}.Debug|x86.ActiveCfg = Debug|Any CPU
		{29A39F4F-1DAF-4482-8BE2-1731D2760CDE}.Debug|x86.Build.0 = Debug|Any CPU
		{29A39F4F-1DAF-4482-8BE2-1731D2760CDE}.Release|Any CPU.ActiveCfg = Release|Any CPU
		{29A39F4F-1DAF-4482-8BE2-1731D2760CDE}.Release|Any CPU.Build.0 = Release|Any CPU
		{29A39F4F-1DAF-4482-8BE2-1731D2760CDE}.Release|ARM.ActiveCfg = Release|Any CPU
		{29A39F4F-1DAF-4482-8BE2-1731D2760CDE}.Release|ARM.Build.0 = Release|Any CPU
		{29A39F4F-1DAF-4482-8BE2-1731D2760CDE}.Release|x64.ActiveCfg = Release|Any CPU
		{29A39F4F-1DAF-4482-8BE2-1731D2760CDE}.Release|x64.Build.0 = Release|Any CPU
		{29A39F4F-1DAF-4482-8BE2-1731D2760CDE}.Release|x86.ActiveCfg = Release|Any CPU
		{29A39F4F-1DAF-4482-8BE2-1731D2760CDE}.Release|x86.Build.0 = Release|Any CPU
		{DEA8F261-E05A-4048-83E2-3ACE95F50918}.Debug|Any CPU.ActiveCfg = Debug|Any CPU
		{DEA8F261-E05A-4048-83E2-3ACE95F50918}.Debug|Any CPU.Build.0 = Debug|Any CPU
		{DEA8F261-E05A-4048-83E2-3ACE95F50918}.Debug|ARM.ActiveCfg = Debug|Any CPU
		{DEA8F261-E05A-4048-83E2-3ACE95F50918}.Debug|ARM.Build.0 = Debug|Any CPU
		{DEA8F261-E05A-4048-83E2-3ACE95F50918}.Debug|x64.ActiveCfg = Debug|Any CPU
		{DEA8F261-E05A-4048-83E2-3ACE95F50918}.Debug|x64.Build.0 = Debug|Any CPU
		{DEA8F261-E05A-4048-83E2-3ACE95F50918}.Debug|x86.ActiveCfg = Debug|Any CPU
		{DEA8F261-E05A-4048-83E2-3ACE95F50918}.Debug|x86.Build.0 = Debug|Any CPU
		{DEA8F261-E05A-4048-83E2-3ACE95F50918}.Release|Any CPU.ActiveCfg = Release|Any CPU
		{DEA8F261-E05A-4048-83E2-3ACE95F50918}.Release|Any CPU.Build.0 = Release|Any CPU
		{DEA8F261-E05A-4048-83E2-3ACE95F50918}.Release|ARM.ActiveCfg = Release|Any CPU
		{DEA8F261-E05A-4048-83E2-3ACE95F50918}.Release|ARM.Build.0 = Release|Any CPU
		{DEA8F261-E05A-4048-83E2-3ACE95F50918}.Release|x64.ActiveCfg = Release|Any CPU
		{DEA8F261-E05A-4048-83E2-3ACE95F50918}.Release|x64.Build.0 = Release|Any CPU
		{DEA8F261-E05A-4048-83E2-3ACE95F50918}.Release|x86.ActiveCfg = Release|Any CPU
		{DEA8F261-E05A-4048-83E2-3ACE95F50918}.Release|x86.Build.0 = Release|Any CPU
		{8BBCC572-8D30-444C-B3AF-325533AE460C}.Debug|Any CPU.ActiveCfg = Debug|Any CPU
		{8BBCC572-8D30-444C-B3AF-325533AE460C}.Debug|Any CPU.Build.0 = Debug|Any CPU
		{8BBCC572-8D30-444C-B3AF-325533AE460C}.Debug|ARM.ActiveCfg = Debug|Any CPU
		{8BBCC572-8D30-444C-B3AF-325533AE460C}.Debug|ARM.Build.0 = Debug|Any CPU
		{8BBCC572-8D30-444C-B3AF-325533AE460C}.Debug|x64.ActiveCfg = Debug|Any CPU
		{8BBCC572-8D30-444C-B3AF-325533AE460C}.Debug|x64.Build.0 = Debug|Any CPU
		{8BBCC572-8D30-444C-B3AF-325533AE460C}.Debug|x86.ActiveCfg = Debug|Any CPU
		{8BBCC572-8D30-444C-B3AF-325533AE460C}.Debug|x86.Build.0 = Debug|Any CPU
		{8BBCC572-8D30-444C-B3AF-325533AE460C}.Release|Any CPU.ActiveCfg = Release|Any CPU
		{8BBCC572-8D30-444C-B3AF-325533AE460C}.Release|Any CPU.Build.0 = Release|Any CPU
		{8BBCC572-8D30-444C-B3AF-325533AE460C}.Release|ARM.ActiveCfg = Release|Any CPU
		{8BBCC572-8D30-444C-B3AF-325533AE460C}.Release|ARM.Build.0 = Release|Any CPU
		{8BBCC572-8D30-444C-B3AF-325533AE460C}.Release|x64.ActiveCfg = Release|Any CPU
		{8BBCC572-8D30-444C-B3AF-325533AE460C}.Release|x64.Build.0 = Release|Any CPU
		{8BBCC572-8D30-444C-B3AF-325533AE460C}.Release|x86.ActiveCfg = Release|Any CPU
		{8BBCC572-8D30-444C-B3AF-325533AE460C}.Release|x86.Build.0 = Release|Any CPU
		{75CEEE19-723F-4132-B7B6-8751C322681E}.Debug|Any CPU.ActiveCfg = Debug|Any CPU
		{75CEEE19-723F-4132-B7B6-8751C322681E}.Debug|Any CPU.Build.0 = Debug|Any CPU
		{75CEEE19-723F-4132-B7B6-8751C322681E}.Debug|ARM.ActiveCfg = Debug|Any CPU
		{75CEEE19-723F-4132-B7B6-8751C322681E}.Debug|ARM.Build.0 = Debug|Any CPU
		{75CEEE19-723F-4132-B7B6-8751C322681E}.Debug|x64.ActiveCfg = Debug|Any CPU
		{75CEEE19-723F-4132-B7B6-8751C322681E}.Debug|x64.Build.0 = Debug|Any CPU
		{75CEEE19-723F-4132-B7B6-8751C322681E}.Debug|x86.ActiveCfg = Debug|Any CPU
		{75CEEE19-723F-4132-B7B6-8751C322681E}.Debug|x86.Build.0 = Debug|Any CPU
		{75CEEE19-723F-4132-B7B6-8751C322681E}.Release|Any CPU.ActiveCfg = Release|Any CPU
		{75CEEE19-723F-4132-B7B6-8751C322681E}.Release|Any CPU.Build.0 = Release|Any CPU
		{75CEEE19-723F-4132-B7B6-8751C322681E}.Release|ARM.ActiveCfg = Release|Any CPU
		{75CEEE19-723F-4132-B7B6-8751C322681E}.Release|ARM.Build.0 = Release|Any CPU
		{75CEEE19-723F-4132-B7B6-8751C322681E}.Release|x64.ActiveCfg = Release|Any CPU
		{75CEEE19-723F-4132-B7B6-8751C322681E}.Release|x64.Build.0 = Release|Any CPU
		{75CEEE19-723F-4132-B7B6-8751C322681E}.Release|x86.ActiveCfg = Release|Any CPU
		{75CEEE19-723F-4132-B7B6-8751C322681E}.Release|x86.Build.0 = Release|Any CPU
		{B3F8EBB3-DFDF-4FDF-8D23-B28B80259191}.Debug|Any CPU.ActiveCfg = Debug|x64
		{B3F8EBB3-DFDF-4FDF-8D23-B28B80259191}.Debug|Any CPU.Build.0 = Debug|x64
		{B3F8EBB3-DFDF-4FDF-8D23-B28B80259191}.Debug|Any CPU.Deploy.0 = Debug|x64
		{B3F8EBB3-DFDF-4FDF-8D23-B28B80259191}.Debug|ARM.ActiveCfg = Debug|ARM
		{B3F8EBB3-DFDF-4FDF-8D23-B28B80259191}.Debug|ARM.Build.0 = Debug|ARM
		{B3F8EBB3-DFDF-4FDF-8D23-B28B80259191}.Debug|ARM.Deploy.0 = Debug|ARM
		{B3F8EBB3-DFDF-4FDF-8D23-B28B80259191}.Debug|x64.ActiveCfg = Debug|x64
		{B3F8EBB3-DFDF-4FDF-8D23-B28B80259191}.Debug|x64.Build.0 = Debug|x64
		{B3F8EBB3-DFDF-4FDF-8D23-B28B80259191}.Debug|x64.Deploy.0 = Debug|x64
		{B3F8EBB3-DFDF-4FDF-8D23-B28B80259191}.Debug|x86.ActiveCfg = Debug|x86
		{B3F8EBB3-DFDF-4FDF-8D23-B28B80259191}.Debug|x86.Build.0 = Debug|x86
		{B3F8EBB3-DFDF-4FDF-8D23-B28B80259191}.Debug|x86.Deploy.0 = Debug|x86
		{B3F8EBB3-DFDF-4FDF-8D23-B28B80259191}.Release|Any CPU.ActiveCfg = Release|x86
		{B3F8EBB3-DFDF-4FDF-8D23-B28B80259191}.Release|ARM.ActiveCfg = Release|ARM
		{B3F8EBB3-DFDF-4FDF-8D23-B28B80259191}.Release|ARM.Build.0 = Release|ARM
		{B3F8EBB3-DFDF-4FDF-8D23-B28B80259191}.Release|ARM.Deploy.0 = Release|ARM
		{B3F8EBB3-DFDF-4FDF-8D23-B28B80259191}.Release|x64.ActiveCfg = Release|x64
		{B3F8EBB3-DFDF-4FDF-8D23-B28B80259191}.Release|x64.Build.0 = Release|x64
		{B3F8EBB3-DFDF-4FDF-8D23-B28B80259191}.Release|x64.Deploy.0 = Release|x64
		{B3F8EBB3-DFDF-4FDF-8D23-B28B80259191}.Release|x86.ActiveCfg = Release|x86
		{B3F8EBB3-DFDF-4FDF-8D23-B28B80259191}.Release|x86.Build.0 = Release|x86
		{B3F8EBB3-DFDF-4FDF-8D23-B28B80259191}.Release|x86.Deploy.0 = Release|x86
		{65F45D18-A579-4637-8A12-4E917768A03B}.Debug|Any CPU.ActiveCfg = Debug|x64
		{65F45D18-A579-4637-8A12-4E917768A03B}.Debug|Any CPU.Build.0 = Debug|x64
		{65F45D18-A579-4637-8A12-4E917768A03B}.Debug|Any CPU.Deploy.0 = Debug|x64
		{65F45D18-A579-4637-8A12-4E917768A03B}.Debug|ARM.ActiveCfg = Debug|ARM
		{65F45D18-A579-4637-8A12-4E917768A03B}.Debug|ARM.Build.0 = Debug|ARM
		{65F45D18-A579-4637-8A12-4E917768A03B}.Debug|ARM.Deploy.0 = Debug|ARM
		{65F45D18-A579-4637-8A12-4E917768A03B}.Debug|x64.ActiveCfg = Debug|x64
		{65F45D18-A579-4637-8A12-4E917768A03B}.Debug|x64.Build.0 = Debug|x64
		{65F45D18-A579-4637-8A12-4E917768A03B}.Debug|x64.Deploy.0 = Debug|x64
		{65F45D18-A579-4637-8A12-4E917768A03B}.Debug|x86.ActiveCfg = Debug|x86
		{65F45D18-A579-4637-8A12-4E917768A03B}.Debug|x86.Build.0 = Debug|x86
		{65F45D18-A579-4637-8A12-4E917768A03B}.Debug|x86.Deploy.0 = Debug|x86
		{65F45D18-A579-4637-8A12-4E917768A03B}.Release|Any CPU.ActiveCfg = Release|Any CPU
		{65F45D18-A579-4637-8A12-4E917768A03B}.Release|Any CPU.Build.0 = Release|Any CPU
		{65F45D18-A579-4637-8A12-4E917768A03B}.Release|Any CPU.Deploy.0 = Release|Any CPU
		{65F45D18-A579-4637-8A12-4E917768A03B}.Release|ARM.ActiveCfg = Release|ARM
		{65F45D18-A579-4637-8A12-4E917768A03B}.Release|ARM.Build.0 = Release|ARM
		{65F45D18-A579-4637-8A12-4E917768A03B}.Release|ARM.Deploy.0 = Release|ARM
		{65F45D18-A579-4637-8A12-4E917768A03B}.Release|x64.ActiveCfg = Release|x64
		{65F45D18-A579-4637-8A12-4E917768A03B}.Release|x64.Build.0 = Release|x64
		{65F45D18-A579-4637-8A12-4E917768A03B}.Release|x64.Deploy.0 = Release|x64
		{65F45D18-A579-4637-8A12-4E917768A03B}.Release|x86.ActiveCfg = Release|x86
		{65F45D18-A579-4637-8A12-4E917768A03B}.Release|x86.Build.0 = Release|x86
		{65F45D18-A579-4637-8A12-4E917768A03B}.Release|x86.Deploy.0 = Release|x86
		{EC3A3874-C598-4A47-BD0B-817667C9234E}.Debug|Any CPU.ActiveCfg = Debug|x64
		{EC3A3874-C598-4A47-BD0B-817667C9234E}.Debug|Any CPU.Build.0 = Debug|x64
		{EC3A3874-C598-4A47-BD0B-817667C9234E}.Debug|Any CPU.Deploy.0 = Debug|x64
		{EC3A3874-C598-4A47-BD0B-817667C9234E}.Debug|ARM.ActiveCfg = Debug|ARM
		{EC3A3874-C598-4A47-BD0B-817667C9234E}.Debug|ARM.Build.0 = Debug|ARM
		{EC3A3874-C598-4A47-BD0B-817667C9234E}.Debug|ARM.Deploy.0 = Debug|ARM
		{EC3A3874-C598-4A47-BD0B-817667C9234E}.Debug|x64.ActiveCfg = Debug|x64
		{EC3A3874-C598-4A47-BD0B-817667C9234E}.Debug|x64.Build.0 = Debug|x64
		{EC3A3874-C598-4A47-BD0B-817667C9234E}.Debug|x64.Deploy.0 = Debug|x64
		{EC3A3874-C598-4A47-BD0B-817667C9234E}.Debug|x86.ActiveCfg = Debug|x86
		{EC3A3874-C598-4A47-BD0B-817667C9234E}.Debug|x86.Build.0 = Debug|x86
		{EC3A3874-C598-4A47-BD0B-817667C9234E}.Debug|x86.Deploy.0 = Debug|x86
		{EC3A3874-C598-4A47-BD0B-817667C9234E}.Release|Any CPU.ActiveCfg = Release|x86
		{EC3A3874-C598-4A47-BD0B-817667C9234E}.Release|ARM.ActiveCfg = Release|ARM
		{EC3A3874-C598-4A47-BD0B-817667C9234E}.Release|ARM.Build.0 = Release|ARM
		{EC3A3874-C598-4A47-BD0B-817667C9234E}.Release|ARM.Deploy.0 = Release|ARM
		{EC3A3874-C598-4A47-BD0B-817667C9234E}.Release|x64.ActiveCfg = Release|x64
		{EC3A3874-C598-4A47-BD0B-817667C9234E}.Release|x64.Build.0 = Release|x64
		{EC3A3874-C598-4A47-BD0B-817667C9234E}.Release|x64.Deploy.0 = Release|x64
		{EC3A3874-C598-4A47-BD0B-817667C9234E}.Release|x86.ActiveCfg = Release|x86
		{EC3A3874-C598-4A47-BD0B-817667C9234E}.Release|x86.Build.0 = Release|x86
		{EC3A3874-C598-4A47-BD0B-817667C9234E}.Release|x86.Deploy.0 = Release|x86
	EndGlobalSection
	GlobalSection(SolutionProperties) = preSolution
		HideSolutionNode = FALSE
	EndGlobalSection
	GlobalSection(ExtensibilityGlobals) = postSolution
		SolutionGuid = {E4ECAD57-3D98-4258-A7B9-3B9C271714CE}
	EndGlobalSection
EndGlobal
