
Microsoft Visual Studio Solution File, Format Version 12.00
# Visual Studio 2012
Project("{D954291E-2A0B-460D-934E-DC6B0785DB48}") = "NorthwindMobile", "NorthwindMobile\NorthwindMobile.shproj", "{67F3D431-7499-465F-8438-EA7134D156C7}"
EndProject
Project("{FAE04EC0-301F-11D3-BF4B-00C04F79EFBC}") = "NorthwindMobile.iOS", "iOS\NorthwindMobile.iOS.csproj", "{DC4CA350-0FA0-484D-B2A8-BF359F9C6C53}"
EndProject
Project("{FAE04EC0-301F-11D3-BF4B-00C04F79EFBC}") = "NorthwindMobile.Droid", "Droid\NorthwindMobile.Droid.csproj", "{B598F267-CCE7-448B-BA28-53C0691D305B}"
EndProject
Global
	GlobalSection(SolutionConfigurationPlatforms) = preSolution
		Debug|iPhoneSimulator = Debug|iPhoneSimulator
		Release|iPhone = Release|iPhone
		Release|iPhoneSimulator = Release|iPhoneSimulator
		Debug|iPhone = Debug|iPhone
		Debug|Any CPU = Debug|Any CPU
		Release|Any CPU = Release|Any CPU
	EndGlobalSection
	GlobalSection(ProjectConfigurationPlatforms) = postSolution
		{DC4CA350-0FA0-484D-B2A8-BF359F9C6C53}.Debug|iPhoneSimulator.ActiveCfg = Debug|iPhoneSimulator
		{DC4CA350-0FA0-484D-B2A8-BF359F9C6C53}.Debug|iPhoneSimulator.Build.0 = Debug|iPhoneSimulator
		{DC4CA350-0FA0-484D-B2A8-BF359F9C6C53}.Release|iPhone.ActiveCfg = Release|iPhone
		{DC4CA350-0FA0-484D-B2A8-BF359F9C6C53}.Release|iPhone.Build.0 = Release|iPhone
		{DC4CA350-0FA0-484D-B2A8-BF359F9C6C53}.Release|iPhoneSimulator.ActiveCfg = Release|iPhoneSimulator
		{DC4CA350-0FA0-484D-B2A8-BF359F9C6C53}.Release|iPhoneSimulator.Build.0 = Release|iPhoneSimulator
		{DC4CA350-0FA0-484D-B2A8-BF359F9C6C53}.Debug|iPhone.ActiveCfg = Debug|iPhone
		{DC4CA350-0FA0-484D-B2A8-BF359F9C6C53}.Debug|iPhone.Build.0 = Debug|iPhone
		{DC4CA350-0FA0-484D-B2A8-BF359F9C6C53}.Debug|Any CPU.ActiveCfg = Debug|iPhoneSimulator
		{DC4CA350-0FA0-484D-B2A8-BF359F9C6C53}.Debug|Any CPU.Build.0 = Debug|iPhoneSimulator
		{DC4CA350-0FA0-484D-B2A8-BF359F9C6C53}.Release|Any CPU.ActiveCfg = Release|iPhone
		{DC4CA350-0FA0-484D-B2A8-BF359F9C6C53}.Release|Any CPU.Build.0 = Release|iPhone
		{B598F267-CCE7-448B-BA28-53C0691D305B}.Debug|iPhoneSimulator.ActiveCfg = Debug|Any CPU
		{B598F267-CCE7-448B-BA28-53C0691D305B}.Debug|iPhoneSimulator.Build.0 = Debug|Any CPU
		{B598F267-CCE7-448B-BA28-53C0691D305B}.Release|iPhone.ActiveCfg = Release|Any CPU
		{B598F267-CCE7-448B-BA28-53C0691D305B}.Release|iPhone.Build.0 = Release|Any CPU
		{B598F267-CCE7-448B-BA28-53C0691D305B}.Release|iPhoneSimulator.ActiveCfg = Release|Any CPU
		{B598F267-CCE7-448B-BA28-53C0691D305B}.Release|iPhoneSimulator.Build.0 = Release|Any CPU
		{B598F267-CCE7-448B-BA28-53C0691D305B}.Debug|iPhone.ActiveCfg = Debug|Any CPU
		{B598F267-CCE7-448B-BA28-53C0691D305B}.Debug|iPhone.Build.0 = Debug|Any CPU
		{B598F267-CCE7-448B-BA28-53C0691D305B}.Debug|Any CPU.ActiveCfg = Debug|Any CPU
		{B598F267-CCE7-448B-BA28-53C0691D305B}.Debug|Any CPU.Build.0 = Debug|Any CPU
		{B598F267-CCE7-448B-BA28-53C0691D305B}.Release|Any CPU.ActiveCfg = Release|Any CPU
		{B598F267-CCE7-448B-BA28-53C0691D305B}.Release|Any CPU.Build.0 = Release|Any CPU
	EndGlobalSection
EndGlobal
