
Microsoft Visual Studio Solution File, Format Version 12.00
# Visual Studio 15
VisualStudioVersion = 15.0.26730.10
MinimumVisualStudioVersion = 10.0.40219.1
Project("{FAE04EC0-301F-11D3-BF4B-00C04F79EFBC}") = "LinqWithObjects", "LinqWithObjects\LinqWithObjects.csproj", "{191907EB-DB67-4A70-929B-CD45E5E7FEE9}"
EndProject
Global
	GlobalSection(SolutionConfigurationPlatforms) = preSolution
		Debug|Any CPU = Debug|Any CPU
		Release|Any CPU = Release|Any CPU
	EndGlobalSection
	GlobalSection(ProjectConfigurationPlatforms) = postSolution
		{191907EB-DB67-4A70-929B-CD45E5E7FEE9}.Debug|Any CPU.ActiveCfg = Debug|Any CPU
		{191907EB-DB67-4A70-929B-CD45E5E7FEE9}.Debug|Any CPU.Build.0 = Debug|Any CPU
		{191907EB-DB67-4A70-929B-CD45E5E7FEE9}.Release|Any CPU.ActiveCfg = Release|Any CPU
		{191907EB-DB67-4A70-929B-CD45E5E7FEE9}.Release|Any CPU.Build.0 = Release|Any CPU
	EndGlobalSection
	GlobalSection(SolutionProperties) = preSolution
		HideSolutionNode = FALSE
	EndGlobalSection
	GlobalSection(ExtensibilityGlobals) = postSolution
		SolutionGuid = {AE5E6B27-5F4C-4143-843A-D4A232EAEDAD}
	EndGlobalSection
EndGlobal
